
Microsoft Visual Studio Solution File, Format Version 12.00
# Visual Studio Version 16
VisualStudioVersion = 16.0.31019.35
MinimumVisualStudioVersion = 10.0.40219.1
Project("{FAE04EC0-301F-11D3-BF4B-00C04F79EFBC}") = "UserRegistrationUnitTest", "UserRegistrationUnitTest\UserRegistrationUnitTest.csproj", "{0B7A8DF8-6E0A-4C7E-B0BF-0CE2C1D06C72}"
EndProject
Project("{FAE04EC0-301F-11D3-BF4B-00C04F79EFBC}") = "UserRegistrationMsTest1", "UserRegistrationMsTest1\UserRegistrationMsTest1.csproj", "{EFC555C9-1538-4BE6-996F-17037D1E82A9}"
EndProject
Global
	GlobalSection(SolutionConfigurationPlatforms) = preSolution
		Debug|Any CPU = Debug|Any CPU
		Release|Any CPU = Release|Any CPU
	EndGlobalSection
	GlobalSection(ProjectConfigurationPlatforms) = postSolution
		{0B7A8DF8-6E0A-4C7E-B0BF-0CE2C1D06C72}.Debug|Any CPU.ActiveCfg = Debug|Any CPU
		{0B7A8DF8-6E0A-4C7E-B0BF-0CE2C1D06C72}.Debug|Any CPU.Build.0 = Debug|Any CPU
		{0B7A8DF8-6E0A-4C7E-B0BF-0CE2C1D06C72}.Release|Any CPU.ActiveCfg = Release|Any CPU
		{0B7A8DF8-6E0A-4C7E-B0BF-0CE2C1D06C72}.Release|Any CPU.Build.0 = Release|Any CPU
		{EFC555C9-1538-4BE6-996F-17037D1E82A9}.Debug|Any CPU.ActiveCfg = Debug|Any CPU
		{EFC555C9-1538-4BE6-996F-17037D1E82A9}.Debug|Any CPU.Build.0 = Debug|Any CPU
		{EFC555C9-1538-4BE6-996F-17037D1E82A9}.Release|Any CPU.ActiveCfg = Release|Any CPU
		{EFC555C9-1538-4BE6-996F-17037D1E82A9}.Release|Any CPU.Build.0 = Release|Any CPU
	EndGlobalSection
	GlobalSection(SolutionProperties) = preSolution
		HideSolutionNode = FALSE
	EndGlobalSection
	GlobalSection(ExtensibilityGlobals) = postSolution
		SolutionGuid = {B1E8C89B-DEB2-49C1-991E-368130F4EC91}
	EndGlobalSection
EndGlobal
