
Microsoft Visual Studio Solution File, Format Version 12.00
# Visual Studio Version 16
VisualStudioVersion = 16.0.31019.35
MinimumVisualStudioVersion = 10.0.40219.1
Project("{FAE04EC0-301F-11D3-BF4B-00C04F79EFBC}") = "UserRegistrationParameterized", "UserRegistrationParameterized\UserRegistrationParameterized.csproj", "{7182F6F5-226C-4B11-A7CA-56EF8871B5D3}"
EndProject
Project("{FAE04EC0-301F-11D3-BF4B-00C04F79EFBC}") = "UnitTestingParameterized", "UnitTestingParameterized\UnitTestingParameterized.csproj", "{7D282947-BA41-4E2B-95FD-6CDC8534DB3D}"
EndProject
Global
	GlobalSection(SolutionConfigurationPlatforms) = preSolution
		Debug|Any CPU = Debug|Any CPU
		Release|Any CPU = Release|Any CPU
	EndGlobalSection
	GlobalSection(ProjectConfigurationPlatforms) = postSolution
		{7182F6F5-226C-4B11-A7CA-56EF8871B5D3}.Debug|Any CPU.ActiveCfg = Debug|Any CPU
		{7182F6F5-226C-4B11-A7CA-56EF8871B5D3}.Debug|Any CPU.Build.0 = Debug|Any CPU
		{7182F6F5-226C-4B11-A7CA-56EF8871B5D3}.Release|Any CPU.ActiveCfg = Release|Any CPU
		{7182F6F5-226C-4B11-A7CA-56EF8871B5D3}.Release|Any CPU.Build.0 = Release|Any CPU
		{7D282947-BA41-4E2B-95FD-6CDC8534DB3D}.Debug|Any CPU.ActiveCfg = Debug|Any CPU
		{7D282947-BA41-4E2B-95FD-6CDC8534DB3D}.Debug|Any CPU.Build.0 = Debug|Any CPU
		{7D282947-BA41-4E2B-95FD-6CDC8534DB3D}.Release|Any CPU.ActiveCfg = Release|Any CPU
		{7D282947-BA41-4E2B-95FD-6CDC8534DB3D}.Release|Any CPU.Build.0 = Release|Any CPU
	EndGlobalSection
	GlobalSection(SolutionProperties) = preSolution
		HideSolutionNode = FALSE
	EndGlobalSection
	GlobalSection(ExtensibilityGlobals) = postSolution
		SolutionGuid = {29B7F55F-8C38-47B2-841C-3897E6E5906A}
	EndGlobalSection
EndGlobal
