
Microsoft Visual Studio Solution File, Format Version 12.00
# Visual Studio Version 16
VisualStudioVersion = 16.0.31019.35
MinimumVisualStudioVersion = 10.0.40219.1
Project("{FAE04EC0-301F-11D3-BF4B-00C04F79EFBC}") = "UserRegistrationClearEmail", "UserRegistrationClearEmail\UserRegistrationClearEmail.csproj", "{1CF679F6-9060-45BD-86C8-77DC8341440E}"
EndProject
Global
	GlobalSection(SolutionConfigurationPlatforms) = preSolution
		Debug|Any CPU = Debug|Any CPU
		Release|Any CPU = Release|Any CPU
	EndGlobalSection
	GlobalSection(ProjectConfigurationPlatforms) = postSolution
		{1CF679F6-9060-45BD-86C8-77DC8341440E}.Debug|Any CPU.ActiveCfg = Debug|Any CPU
		{1CF679F6-9060-45BD-86C8-77DC8341440E}.Debug|Any CPU.Build.0 = Debug|Any CPU
		{1CF679F6-9060-45BD-86C8-77DC8341440E}.Release|Any CPU.ActiveCfg = Release|Any CPU
		{1CF679F6-9060-45BD-86C8-77DC8341440E}.Release|Any CPU.Build.0 = Release|Any CPU
	EndGlobalSection
	GlobalSection(SolutionProperties) = preSolution
		HideSolutionNode = FALSE
	EndGlobalSection
	GlobalSection(ExtensibilityGlobals) = postSolution
		SolutionGuid = {A18B9B8D-879E-406F-A4A4-C7DB394E93D5}
	EndGlobalSection
EndGlobal
